
Microsoft Visual Studio Solution File, Format Version 12.00
# Visual Studio 15
VisualStudioVersion = 15.0.28307.572
MinimumVisualStudioVersion = 10.0.40219.1
Project("{FAE04EC0-301F-11D3-BF4B-00C04F79EFBC}") = "ConsoleApp1", "ConsoleApp1\ConsoleApp1.csproj", "{AC7CD6B0-8437-474A-AA0F-6C67CE568074}"
EndProject
Global
	GlobalSection(SolutionConfigurationPlatforms) = preSolution
		Debug|Any CPU = Debug|Any CPU
		Release|Any CPU = Release|Any CPU
	EndGlobalSection
	GlobalSection(ProjectConfigurationPlatforms) = postSolution
		{AC7CD6B0-8437-474A-AA0F-6C67CE568074}.Debug|Any CPU.ActiveCfg = Debug|Any CPU
		{AC7CD6B0-8437-474A-AA0F-6C67CE568074}.Debug|Any CPU.Build.0 = Debug|Any CPU
		{AC7CD6B0-8437-474A-AA0F-6C67CE568074}.Release|Any CPU.ActiveCfg = Release|Any CPU
		{AC7CD6B0-8437-474A-AA0F-6C67CE568074}.Release|Any CPU.Build.0 = Release|Any CPU
	EndGlobalSection
	GlobalSection(SolutionProperties) = preSolution
		HideSolutionNode = FALSE
	EndGlobalSection
	GlobalSection(ExtensibilityGlobals) = postSolution
		SolutionGuid = {31D167FD-A3F5-4DC1-8FB0-6B0B248C1A5F}
	EndGlobalSection
EndGlobal
